
Microsoft Visual Studio Solution File, Format Version 12.00
# Visual Studio 15
VisualStudioVersion = 15.0.28307.902
MinimumVisualStudioVersion = 10.0.40219.1
Project("{FAE04EC0-301F-11D3-BF4B-00C04F79EFBC}") = "Calculadora", "Calculadora\Calculadora.csproj", "{B3C56977-071D-4D9C-ADB0-8E6AAE047DDC}"
EndProject
Global
	GlobalSection(SolutionConfigurationPlatforms) = preSolution
		Debug|Any CPU = Debug|Any CPU
		Release|Any CPU = Release|Any CPU
	EndGlobalSection
	GlobalSection(ProjectConfigurationPlatforms) = postSolution
		{B3C56977-071D-4D9C-ADB0-8E6AAE047DDC}.Debug|Any CPU.ActiveCfg = Debug|Any CPU
		{B3C56977-071D-4D9C-ADB0-8E6AAE047DDC}.Debug|Any CPU.Build.0 = Debug|Any CPU
		{B3C56977-071D-4D9C-ADB0-8E6AAE047DDC}.Release|Any CPU.ActiveCfg = Release|Any CPU
		{B3C56977-071D-4D9C-ADB0-8E6AAE047DDC}.Release|Any CPU.Build.0 = Release|Any CPU
	EndGlobalSection
	GlobalSection(SolutionProperties) = preSolution
		HideSolutionNode = FALSE
	EndGlobalSection
	GlobalSection(ExtensibilityGlobals) = postSolution
		SolutionGuid = {8EB2B9D5-3EAA-4A74-B09C-0A0DE124BE31}
	EndGlobalSection
EndGlobal
